
Microsoft Visual Studio Solution File, Format Version 12.00
# Visual Studio 15
VisualStudioVersion = 15.0.28307.757
MinimumVisualStudioVersion = 10.0.40219.1
Project("{FAE04EC0-301F-11D3-BF4B-00C04F79EFBC}") = "ChatApplication", "ChatApplication\ChatApplication.csproj", "{0FD6C9AF-9326-44A6-B0F1-F45B91EFEF94}"
EndProject
Project("{FAE04EC0-301F-11D3-BF4B-00C04F79EFBC}") = "ChatApplication.Test", "ChatApplication.Test\ChatApplication.Test.csproj", "{C94E33F9-CE20-4C05-BFD8-26277EA66399}"
EndProject
Global
	GlobalSection(SolutionConfigurationPlatforms) = preSolution
		Debug|Any CPU = Debug|Any CPU
		Release|Any CPU = Release|Any CPU
	EndGlobalSection
	GlobalSection(ProjectConfigurationPlatforms) = postSolution
		{0FD6C9AF-9326-44A6-B0F1-F45B91EFEF94}.Debug|Any CPU.ActiveCfg = Debug|Any CPU
		{0FD6C9AF-9326-44A6-B0F1-F45B91EFEF94}.Debug|Any CPU.Build.0 = Debug|Any CPU
		{0FD6C9AF-9326-44A6-B0F1-F45B91EFEF94}.Release|Any CPU.ActiveCfg = Release|Any CPU
		{0FD6C9AF-9326-44A6-B0F1-F45B91EFEF94}.Release|Any CPU.Build.0 = Release|Any CPU
		{C94E33F9-CE20-4C05-BFD8-26277EA66399}.Debug|Any CPU.ActiveCfg = Debug|Any CPU
		{C94E33F9-CE20-4C05-BFD8-26277EA66399}.Debug|Any CPU.Build.0 = Debug|Any CPU
		{C94E33F9-CE20-4C05-BFD8-26277EA66399}.Release|Any CPU.ActiveCfg = Release|Any CPU
		{C94E33F9-CE20-4C05-BFD8-26277EA66399}.Release|Any CPU.Build.0 = Release|Any CPU
	EndGlobalSection
	GlobalSection(SolutionProperties) = preSolution
		HideSolutionNode = FALSE
	EndGlobalSection
	GlobalSection(ExtensibilityGlobals) = postSolution
		SolutionGuid = {DB1D0B91-6F03-485E-B2B0-436703524389}
	EndGlobalSection
EndGlobal
